
Microsoft Visual Studio Solution File, Format Version 12.00
# Visual Studio Version 17
VisualStudioVersion = 17.11.35327.3
MinimumVisualStudioVersion = 10.0.40219.1
Project("{FAE04EC0-301F-11D3-BF4B-00C04F79EFBC}") = "Practica 7", "Practica 7\Practica 7.csproj", "{AF21255B-6F8E-4629-9408-5AFA3E06056C}"
EndProject
Global
	GlobalSection(SolutionConfigurationPlatforms) = preSolution
		Debug|Any CPU = Debug|Any CPU
		Release|Any CPU = Release|Any CPU
	EndGlobalSection
	GlobalSection(ProjectConfigurationPlatforms) = postSolution
		{AF21255B-6F8E-4629-9408-5AFA3E06056C}.Debug|Any CPU.ActiveCfg = Debug|Any CPU
		{AF21255B-6F8E-4629-9408-5AFA3E06056C}.Debug|Any CPU.Build.0 = Debug|Any CPU
		{AF21255B-6F8E-4629-9408-5AFA3E06056C}.Release|Any CPU.ActiveCfg = Release|Any CPU
		{AF21255B-6F8E-4629-9408-5AFA3E06056C}.Release|Any CPU.Build.0 = Release|Any CPU
	EndGlobalSection
	GlobalSection(SolutionProperties) = preSolution
		HideSolutionNode = FALSE
	EndGlobalSection
	GlobalSection(ExtensibilityGlobals) = postSolution
		SolutionGuid = {60765A27-AB6A-4881-B195-D5D07B564C02}
	EndGlobalSection
EndGlobal
